
Microsoft Visual Studio Solution File, Format Version 12.00
# Visual Studio 15
VisualStudioVersion = 15.0.27004.2002
MinimumVisualStudioVersion = 10.0.40219.1
Project("{FAE04EC0-301F-11D3-BF4B-00C04F79EFBC}") = "AssociaValoriQuota", "AssociaValoriQuota\AssociaValoriQuota.csproj", "{818C94E8-5181-4238-980D-CA69F6008FC3}"
EndProject
Global
	GlobalSection(SolutionConfigurationPlatforms) = preSolution
		Debug|Any CPU = Debug|Any CPU
		Release|Any CPU = Release|Any CPU
	EndGlobalSection
	GlobalSection(ProjectConfigurationPlatforms) = postSolution
		{818C94E8-5181-4238-980D-CA69F6008FC3}.Debug|Any CPU.ActiveCfg = Debug|Any CPU
		{818C94E8-5181-4238-980D-CA69F6008FC3}.Debug|Any CPU.Build.0 = Debug|Any CPU
		{818C94E8-5181-4238-980D-CA69F6008FC3}.Release|Any CPU.ActiveCfg = Release|Any CPU
		{818C94E8-5181-4238-980D-CA69F6008FC3}.Release|Any CPU.Build.0 = Release|Any CPU
	EndGlobalSection
	GlobalSection(SolutionProperties) = preSolution
		HideSolutionNode = FALSE
	EndGlobalSection
	GlobalSection(ExtensibilityGlobals) = postSolution
		SolutionGuid = {C438AA82-4E92-4944-B12E-4B6E3D15C96D}
	EndGlobalSection
EndGlobal
